// !$*UTF8*$!
{
	archiveVersion = 1;
	classes = {
	};
	objectVersion = 55;
	objects = {

/* Begin PBXBuildFile section */
		347CCE455F308CB204A45443 /* Pods_InstagramTests.framework in Frameworks */ = {isa = PBXBuildFile; fileRef = B30AD5DB3CA919CDA2616F90 /* Pods_InstagramTests.framework */; };
		482FD35F2787C16200E98497 /* AppDelegate.swift in Sources */ = {isa = PBXBuildFile; fileRef = 482FD35E2787C16200E98497 /* AppDelegate.swift */; };
		482FD3612787C16200E98497 /* SceneDelegate.swift in Sources */ = {isa = PBXBuildFile; fileRef = 482FD3602787C16200E98497 /* SceneDelegate.swift */; };
		482FD3662787C16200E98497 /* Main.storyboard in Resources */ = {isa = PBXBuildFile; fileRef = 482FD3642787C16200E98497 /* Main.storyboard */; };
		482FD3682787C16300E98497 /* Assets.xcassets in Resources */ = {isa = PBXBuildFile; fileRef = 482FD3672787C16300E98497 /* Assets.xcassets */; };
		482FD36B2787C16300E98497 /* LaunchScreen.storyboard in Resources */ = {isa = PBXBuildFile; fileRef = 482FD3692787C16300E98497 /* LaunchScreen.storyboard */; };
		482FD3762787C16300E98497 /* InstagramTests.swift in Sources */ = {isa = PBXBuildFile; fileRef = 482FD3752787C16300E98497 /* InstagramTests.swift */; };
		482FD3802787C16300E98497 /* InstagramUITests.swift in Sources */ = {isa = PBXBuildFile; fileRef = 482FD37F2787C16300E98497 /* InstagramUITests.swift */; };
		482FD3822787C16300E98497 /* InstagramUITestsLaunchTests.swift in Sources */ = {isa = PBXBuildFile; fileRef = 482FD3812787C16300E98497 /* InstagramUITestsLaunchTests.swift */; };
		48A534A82792480F008A12AF /* CommentCell.swift in Sources */ = {isa = PBXBuildFile; fileRef = 48A534A72792480F008A12AF /* CommentCell.swift */; };
		48B5B15B2787DBC2009A71D5 /* LoginViewController.swift in Sources */ = {isa = PBXBuildFile; fileRef = 48B5B15A2787DBC2009A71D5 /* LoginViewController.swift */; };
		48B5B15D2787DBCE009A71D5 /* FeedViewController.swift in Sources */ = {isa = PBXBuildFile; fileRef = 48B5B15C2787DBCE009A71D5 /* FeedViewController.swift */; };
		48B5B15F2787FB18009A71D5 /* CameraViewController.swift in Sources */ = {isa = PBXBuildFile; fileRef = 48B5B15E2787FB18009A71D5 /* CameraViewController.swift */; };
		48B5B1612788FBCC009A71D5 /* PostCell.swift in Sources */ = {isa = PBXBuildFile; fileRef = 48B5B1602788FBCC009A71D5 /* PostCell.swift */; };
		48F20CCA285849AA0099C7B2 /* APICaller.swift in Sources */ = {isa = PBXBuildFile; fileRef = 48F20CC9285849AA0099C7B2 /* APICaller.swift */; };
		5C9CF3055029D94EBA06A504 /* Pods_Instagram_InstagramUITests.framework in Frameworks */ = {isa = PBXBuildFile; fileRef = 1B06BE09D557944D6C36F889 /* Pods_Instagram_InstagramUITests.framework */; };
		B00AB861205AE361FB5D3C91 /* Pods_Instagram.framework in Frameworks */ = {isa = PBXBuildFile; fileRef = B4D6D1837BD8D39739F2956D /* Pods_Instagram.framework */; };
/* End PBXBuildFile section */

/* Begin PBXContainerItemProxy section */
		482FD3722787C16300E98497 /* PBXContainerItemProxy */ = {
			isa = PBXContainerItemProxy;
			containerPortal = 482FD3532787C16200E98497 /* Project object */;
			proxyType = 1;
			remoteGlobalIDString = 482FD35A2787C16200E98497;
			remoteInfo = Instagram;
		};
		482FD37C2787C16300E98497 /* PBXContainerItemProxy */ = {
			isa = PBXContainerItemProxy;
			containerPortal = 482FD3532787C16200E98497 /* Project object */;
			proxyType = 1;
			remoteGlobalIDString = 482FD35A2787C16200E98497;
			remoteInfo = Instagram;
		};
/* End PBXContainerItemProxy section */

/* Begin PBXFileReference section */
		1B06BE09D557944D6C36F889 /* Pods_Instagram_InstagramUITests.framework */ = {isa = PBXFileReference; explicitFileType = wrapper.framework; includeInIndex = 0; path = Pods_Instagram_InstagramUITests.framework; sourceTree = BUILT_PRODUCTS_DIR; };
		342CE5E17EA0779864AE730D /* Pods-InstagramTests.debug.xcconfig */ = {isa = PBXFileReference; includeInIndex = 1; lastKnownFileType = text.xcconfig; name = "Pods-InstagramTests.debug.xcconfig"; path = "Target Support Files/Pods-InstagramTests/Pods-InstagramTests.debug.xcconfig"; sourceTree = "<group>"; };
		482FD35B2787C16200E98497 /* Instagram.app */ = {isa = PBXFileReference; explicitFileType = wrapper.application; includeInIndex = 0; path = Instagram.app; sourceTree = BUILT_PRODUCTS_DIR; };
		482FD35E2787C16200E98497 /* AppDelegate.swift */ = {isa = PBXFileReference; lastKnownFileType = sourcecode.swift; path = AppDelegate.swift; sourceTree = "<group>"; };
		482FD3602787C16200E98497 /* SceneDelegate.swift */ = {isa = PBXFileReference; lastKnownFileType = sourcecode.swift; path = SceneDelegate.swift; sourceTree = "<group>"; };
		482FD3652787C16200E98497 /* Base */ = {isa = PBXFileReference; lastKnownFileType = file.storyboard; name = Base; path = Base.lproj/Main.storyboard; sourceTree = "<group>"; };
		482FD3672787C16300E98497 /* Assets.xcassets */ = {isa = PBXFileReference; lastKnownFileType = folder.assetcatalog; path = Assets.xcassets; sourceTree = "<group>"; };
		482FD36A2787C16300E98497 /* Base */ = {isa = PBXFileReference; lastKnownFileType = file.storyboard; name = Base; path = Base.lproj/LaunchScreen.storyboard; sourceTree = "<group>"; };
		482FD36C2787C16300E98497 /* Info.plist */ = {isa = PBXFileReference; lastKnownFileType = text.plist.xml; path = Info.plist; sourceTree = "<group>"; };
		482FD3712787C16300E98497 /* InstagramTests.xctest */ = {isa = PBXFileReference; explicitFileType = wrapper.cfbundle; includeInIndex = 0; path = InstagramTests.xctest; sourceTree = BUILT_PRODUCTS_DIR; };
		482FD3752787C16300E98497 /* InstagramTests.swift */ = {isa = PBXFileReference; lastKnownFileType = sourcecode.swift; path = InstagramTests.swift; sourceTree = "<group>"; };
		482FD37B2787C16300E98497 /* InstagramUITests.xctest */ = {isa = PBXFileReference; explicitFileType = wrapper.cfbundle; includeInIndex = 0; path = InstagramUITests.xctest; sourceTree = BUILT_PRODUCTS_DIR; };
		482FD37F2787C16300E98497 /* InstagramUITests.swift */ = {isa = PBXFileReference; lastKnownFileType = sourcecode.swift; path = InstagramUITests.swift; sourceTree = "<group>"; };
		482FD3812787C16300E98497 /* InstagramUITestsLaunchTests.swift */ = {isa = PBXFileReference; lastKnownFileType = sourcecode.swift; path = InstagramUITestsLaunchTests.swift; sourceTree = "<group>"; };
		48A534A72792480F008A12AF /* CommentCell.swift */ = {isa = PBXFileReference; lastKnownFileType = sourcecode.swift; path = CommentCell.swift; sourceTree = "<group>"; };
		48B5B15A2787DBC2009A71D5 /* LoginViewController.swift */ = {isa = PBXFileReference; lastKnownFileType = sourcecode.swift; path = LoginViewController.swift; sourceTree = "<group>"; };
		48B5B15C2787DBCE009A71D5 /* FeedViewController.swift */ = {isa = PBXFileReference; lastKnownFileType = sourcecode.swift; path = FeedViewController.swift; sourceTree = "<group>"; };
		48B5B15E2787FB18009A71D5 /* CameraViewController.swift */ = {isa = PBXFileReference; lastKnownFileType = sourcecode.swift; path = CameraViewController.swift; sourceTree = "<group>"; };
		48B5B1602788FBCC009A71D5 /* PostCell.swift */ = {isa = PBXFileReference; lastKnownFileType = sourcecode.swift; path = PostCell.swift; sourceTree = "<group>"; };
		48F20CC9285849AA0099C7B2 /* APICaller.swift */ = {isa = PBXFileReference; lastKnownFileType = sourcecode.swift; path = APICaller.swift; sourceTree = "<group>"; };
		7B955D0B5728BBB06F4154E2 /* Pods-Instagram.release.xcconfig */ = {isa = PBXFileReference; includeInIndex = 1; lastKnownFileType = text.xcconfig; name = "Pods-Instagram.release.xcconfig"; path = "Target Support Files/Pods-Instagram/Pods-Instagram.release.xcconfig"; sourceTree = "<group>"; };
		97893B274845820A9EA98365 /* Pods-Instagram-InstagramUITests.release.xcconfig */ = {isa = PBXFileReference; includeInIndex = 1; lastKnownFileType = text.xcconfig; name = "Pods-Instagram-InstagramUITests.release.xcconfig"; path = "Target Support Files/Pods-Instagram-InstagramUITests/Pods-Instagram-InstagramUITests.release.xcconfig"; sourceTree = "<group>"; };
		9C23F2999BAE8C98C391CC64 /* Pods-Instagram.debug.xcconfig */ = {isa = PBXFileReference; includeInIndex = 1; lastKnownFileType = text.xcconfig; name = "Pods-Instagram.debug.xcconfig"; path = "Target Support Files/Pods-Instagram/Pods-Instagram.debug.xcconfig"; sourceTree = "<group>"; };
		B1BADB71195C8610B9FAC951 /* Pods-InstagramTests.release.xcconfig */ = {isa = PBXFileReference; includeInIndex = 1; lastKnownFileType = text.xcconfig; name = "Pods-InstagramTests.release.xcconfig"; path = "Target Support Files/Pods-InstagramTests/Pods-InstagramTests.release.xcconfig"; sourceTree = "<group>"; };
		B30AD5DB3CA919CDA2616F90 /* Pods_InstagramTests.framework */ = {isa = PBXFileReference; explicitFileType = wrapper.framework; includeInIndex = 0; path = Pods_InstagramTests.framework; sourceTree = BUILT_PRODUCTS_DIR; };
		B4D6D1837BD8D39739F2956D /* Pods_Instagram.framework */ = {isa = PBXFileReference; explicitFileType = wrapper.framework; includeInIndex = 0; path = Pods_Instagram.framework; sourceTree = BUILT_PRODUCTS_DIR; };
		F279C69BFCF1142A4B6BF0E7 /* Pods-Instagram-InstagramUITests.debug.xcconfig */ = {isa = PBXFileReference; includeInIndex = 1; lastKnownFileType = text.xcconfig; name = "Pods-Instagram-InstagramUITests.debug.xcconfig"; path = "Target Support Files/Pods-Instagram-InstagramUITests/Pods-Instagram-InstagramUITests.debug.xcconfig"; sourceTree = "<group>"; };
/* End PBXFileReference section */

/* Begin PBXFrameworksBuildPhase section */
		482FD3582787C16200E98497 /* Frameworks */ = {
			isa = PBXFrameworksBuildPhase;
			buildActionMask = 2147483647;
			files = (
				B00AB861205AE361FB5D3C91 /* Pods_Instagram.framework in Frameworks */,
			);
			runOnlyForDeploymentPostprocessing = 0;
		};
		482FD36E2787C16300E98497 /* Frameworks */ = {
			isa = PBXFrameworksBuildPhase;
			buildActionMask = 2147483647;
			files = (
				347CCE455F308CB204A45443 /* Pods_InstagramTests.framework in Frameworks */,
			);
			runOnlyForDeploymentPostprocessing = 0;
		};
		482FD3782787C16300E98497 /* Frameworks */ = {
			isa = PBXFrameworksBuildPhase;
			buildActionMask = 2147483647;
			files = (
				5C9CF3055029D94EBA06A504 /* Pods_Instagram_InstagramUITests.framework in Frameworks */,
			);
			runOnlyForDeploymentPostprocessing = 0;
		};
/* End PBXFrameworksBuildPhase section */

/* Begin PBXGroup section */
		0384382501B0D38ECA6F77D3 /* Frameworks */ = {
			isa = PBXGroup;
			children = (
				B4D6D1837BD8D39739F2956D /* Pods_Instagram.framework */,
				1B06BE09D557944D6C36F889 /* Pods_Instagram_InstagramUITests.framework */,
				B30AD5DB3CA919CDA2616F90 /* Pods_InstagramTests.framework */,
			);
			name = Frameworks;
			sourceTree = "<group>";
		};
		482FD3522787C16200E98497 = {
			isa = PBXGroup;
			children = (
				482FD35D2787C16200E98497 /* Instagram */,
				482FD3742787C16300E98497 /* InstagramTests */,
				482FD37E2787C16300E98497 /* InstagramUITests */,
				482FD35C2787C16200E98497 /* Products */,
				93D2915F9E79EDCECA9CD9B4 /* Pods */,
				0384382501B0D38ECA6F77D3 /* Frameworks */,
			);
			sourceTree = "<group>";
		};
		482FD35C2787C16200E98497 /* Products */ = {
			isa = PBXGroup;
			children = (
				482FD35B2787C16200E98497 /* Instagram.app */,
				482FD3712787C16300E98497 /* InstagramTests.xctest */,
				482FD37B2787C16300E98497 /* InstagramUITests.xctest */,
			);
			name = Products;
			sourceTree = "<group>";
		};
		482FD35D2787C16200E98497 /* Instagram */ = {
			isa = PBXGroup;
			children = (
				482FD35E2787C16200E98497 /* AppDelegate.swift */,
				482FD3602787C16200E98497 /* SceneDelegate.swift */,
				482FD3642787C16200E98497 /* Main.storyboard */,
				482FD3672787C16300E98497 /* Assets.xcassets */,
				482FD3692787C16300E98497 /* LaunchScreen.storyboard */,
				482FD36C2787C16300E98497 /* Info.plist */,
				48B5B15A2787DBC2009A71D5 /* LoginViewController.swift */,
				48B5B15C2787DBCE009A71D5 /* FeedViewController.swift */,
				48B5B15E2787FB18009A71D5 /* CameraViewController.swift */,
				48B5B1602788FBCC009A71D5 /* PostCell.swift */,
				48A534A72792480F008A12AF /* CommentCell.swift */,
				48F20CC9285849AA0099C7B2 /* APICaller.swift */,
			);
			path = Instagram;
			sourceTree = "<group>";
		};
		482FD3742787C16300E98497 /* InstagramTests */ = {
			isa = PBXGroup;
			children = (
				482FD3752787C16300E98497 /* InstagramTests.swift */,
			);
			path = InstagramTests;
			sourceTree = "<group>";
		};
		482FD37E2787C16300E98497 /* InstagramUITests */ = {
			isa = PBXGroup;
			children = (
				482FD37F2787C16300E98497 /* InstagramUITests.swift */,
				482FD3812787C16300E98497 /* InstagramUITestsLaunchTests.swift */,
			);
			path = InstagramUITests;
			sourceTree = "<group>";
		};
		93D2915F9E79EDCECA9CD9B4 /* Pods */ = {
			isa = PBXGroup;
			children = (
				9C23F2999BAE8C98C391CC64 /* Pods-Instagram.debug.xcconfig */,
				7B955D0B5728BBB06F4154E2 /* Pods-Instagram.release.xcconfig */,
				F279C69BFCF1142A4B6BF0E7 /* Pods-Instagram-InstagramUITests.debug.xcconfig */,
				97893B274845820A9EA98365 /* Pods-Instagram-InstagramUITests.release.xcconfig */,
				342CE5E17EA0779864AE730D /* Pods-InstagramTests.debug.xcconfig */,
				B1BADB71195C8610B9FAC951 /* Pods-InstagramTests.release.xcconfig */,
			);
			path = Pods;
			sourceTree = "<group>";
		};
/* End PBXGroup section */

/* Begin PBXNativeTarget section */
		482FD35A2787C16200E98497 /* Instagram */ = {
			isa = PBXNativeTarget;
			buildConfigurationList = 482FD3852787C16300E98497 /* Build configuration list for PBXNativeTarget "Instagram" */;
			buildPhases = (
				7B5B2E00517FF809624A24CC /* [CP] Check Pods Manifest.lock */,
				482FD3572787C16200E98497 /* Sources */,
				482FD3582787C16200E98497 /* Frameworks */,
				482FD3592787C16200E98497 /* Resources */,
				928D6A6E0DBAA96185BA21D3 /* [CP] Embed Pods Frameworks */,
			);
			buildRules = (
			);
			dependencies = (
			);
			name = Instagram;
			productName = Instagram;
			productReference = 482FD35B2787C16200E98497 /* Instagram.app */;
			productType = "com.apple.product-type.application";
		};
		482FD3702787C16300E98497 /* InstagramTests */ = {
			isa = PBXNativeTarget;
			buildConfigurationList = 482FD3882787C16300E98497 /* Build configuration list for PBXNativeTarget "InstagramTests" */;
			buildPhases = (
				B2222B2FB89FAE1B89727463 /* [CP] Check Pods Manifest.lock */,
				482FD36D2787C16300E98497 /* Sources */,
				482FD36E2787C16300E98497 /* Frameworks */,
				482FD36F2787C16300E98497 /* Resources */,
			);
			buildRules = (
			);
			dependencies = (
				482FD3732787C16300E98497 /* PBXTargetDependency */,
			);
			name = InstagramTests;
			productName = InstagramTests;
			productReference = 482FD3712787C16300E98497 /* InstagramTests.xctest */;
			productType = "com.apple.product-type.bundle.unit-test";
		};
		482FD37A2787C16300E98497 /* InstagramUITests */ = {
			isa = PBXNativeTarget;
			buildConfigurationList = 482FD38B2787C16300E98497 /* Build configuration list for PBXNativeTarget "InstagramUITests" */;
			buildPhases = (
				136DAF08BB92A331334FA0E8 /* [CP] Check Pods Manifest.lock */,
				482FD3772787C16300E98497 /* Sources */,
				482FD3782787C16300E98497 /* Frameworks */,
				482FD3792787C16300E98497 /* Resources */,
				9E7E0BC6EDC84BDDAA2BB79A /* [CP] Embed Pods Frameworks */,
			);
			buildRules = (
			);
			dependencies = (
				482FD37D2787C16300E98497 /* PBXTargetDependency */,
			);
			name = InstagramUITests;
			productName = InstagramUITests;
			productReference = 482FD37B2787C16300E98497 /* InstagramUITests.xctest */;
			productType = "com.apple.product-type.bundle.ui-testing";
		};
/* End PBXNativeTarget section */

/* Begin PBXProject section */
		482FD3532787C16200E98497 /* Project object */ = {
			isa = PBXProject;
			attributes = {
				BuildIndependentTargetsInParallel = 1;
				LastSwiftUpdateCheck = 1320;
				LastUpgradeCheck = 1320;
				TargetAttributes = {
					482FD35A2787C16200E98497 = {
						CreatedOnToolsVersion = 13.2.1;
					};
					482FD3702787C16300E98497 = {
						CreatedOnToolsVersion = 13.2.1;
						TestTargetID = 482FD35A2787C16200E98497;
					};
					482FD37A2787C16300E98497 = {
						CreatedOnToolsVersion = 13.2.1;
						TestTargetID = 482FD35A2787C16200E98497;
					};
				};
			};
			buildConfigurationList = 482FD3562787C16200E98497 /* Build configuration list for PBXProject "Instagram" */;
			compatibilityVersion = "Xcode 13.0";
			developmentRegion = en;
			hasScannedForEncodings = 0;
			knownRegions = (
				en,
				Base,
			);
			mainGroup = 482FD3522787C16200E98497;
			productRefGroup = 482FD35C2787C16200E98497 /* Products */;
			projectDirPath = "";
			projectRoot = "";
			targets = (
				482FD35A2787C16200E98497 /* Instagram */,
				482FD3702787C16300E98497 /* InstagramTests */,
				482FD37A2787C16300E98497 /* InstagramUITests */,
			);
		};
/* End PBXProject section */

/* Begin PBXResourcesBuildPhase section */
		482FD3592787C16200E98497 /* Resources */ = {
			isa = PBXResourcesBuildPhase;
			buildActionMask = 2147483647;
			files = (
				482FD36B2787C16300E98497 /* LaunchScreen.storyboard in Resources */,
				482FD3682787C16300E98497 /* Assets.xcassets in Resources */,
				482FD3662787C16200E98497 /* Main.storyboard in Resources */,
			);
			runOnlyForDeploymentPostprocessing = 0;
		};
		482FD36F2787C16300E98497 /* Resources */ = {
			isa = PBXResourcesBuildPhase;
			buildActionMask = 2147483647;
			files = (
			);
			runOnlyForDeploymentPostprocessing = 0;
		};
		482FD3792787C16300E98497 /* Resources */ = {
			isa = PBXResourcesBuildPhase;
			buildActionMask = 2147483647;
			files = (
			);
			runOnlyForDeploymentPostprocessing = 0;
		};
/* End PBXResourcesBuildPhase section */

/* Begin PBXShellScriptBuildPhase section */
		136DAF08BB92A331334FA0E8 /* [CP] Check Pods Manifest.lock */ = {
			isa = PBXShellScriptBuildPhase;
			buildActionMask = 2147483647;
			files = (
			);
			inputFileListPaths = (
			);
			inputPaths = (
				"${PODS_PODFILE_DIR_PATH}/Podfile.lock",
				"${PODS_ROOT}/Manifest.lock",
			);
			name = "[CP] Check Pods Manifest.lock";
			outputFileListPaths = (
			);
			outputPaths = (
				"$(DERIVED_FILE_DIR)/Pods-Instagram-InstagramUITests-checkManifestLockResult.txt",
			);
			runOnlyForDeploymentPostprocessing = 0;
			shellPath = /bin/sh;
			shellScript = "diff \"${PODS_PODFILE_DIR_PATH}/Podfile.lock\" \"${PODS_ROOT}/Manifest.lock\" > /dev/null\nif [ $? != 0 ] ; then\n    # print error to STDERR\n    echo \"error: The sandbox is not in sync with the Podfile.lock. Run 'pod install' or update your CocoaPods installation.\" >&2\n    exit 1\nfi\n# This output is used by Xcode 'outputs' to avoid re-running this script phase.\necho \"SUCCESS\" > \"${SCRIPT_OUTPUT_FILE_0}\"\n";
			showEnvVarsInLog = 0;
		};
		7B5B2E00517FF809624A24CC /* [CP] Check Pods Manifest.lock */ = {
			isa = PBXShellScriptBuildPhase;
			buildActionMask = 2147483647;
			files = (
			);
			inputFileListPaths = (
			);
			inputPaths = (
				"${PODS_PODFILE_DIR_PATH}/Podfile.lock",
				"${PODS_ROOT}/Manifest.lock",
			);
			name = "[CP] Check Pods Manifest.lock";
			outputFileListPaths = (
			);
			outputPaths = (
				"$(DERIVED_FILE_DIR)/Pods-Instagram-checkManifestLockResult.txt",
			);
			runOnlyForDeploymentPostprocessing = 0;
			shellPath = /bin/sh;
			shellScript = "diff \"${PODS_PODFILE_DIR_PATH}/Podfile.lock\" \"${PODS_ROOT}/Manifest.lock\" > /dev/null\nif [ $? != 0 ] ; then\n    # print error to STDERR\n    echo \"error: The sandbox is not in sync with the Podfile.lock. Run 'pod install' or update your CocoaPods installation.\" >&2\n    exit 1\nfi\n# This output is used by Xcode 'outputs' to avoid re-running this script phase.\necho \"SUCCESS\" > \"${SCRIPT_OUTPUT_FILE_0}\"\n";
			showEnvVarsInLog = 0;
		};
		928D6A6E0DBAA96185BA21D3 /* [CP] Embed Pods Frameworks */ = {
			isa = PBXShellScriptBuildPhase;
			buildActionMask = 2147483647;
			files = (
			);
			inputFileListPaths = (
				"${PODS_ROOT}/Target Support Files/Pods-Instagram/Pods-Instagram-frameworks-${CONFIGURATION}-input-files.xcfilelist",
			);
			name = "[CP] Embed Pods Frameworks";
			outputFileListPaths = (
				"${PODS_ROOT}/Target Support Files/Pods-Instagram/Pods-Instagram-frameworks-${CONFIGURATION}-output-files.xcfilelist",
			);
			runOnlyForDeploymentPostprocessing = 0;
			shellPath = /bin/sh;
			shellScript = "\"${PODS_ROOT}/Target Support Files/Pods-Instagram/Pods-Instagram-frameworks.sh\"\n";
			showEnvVarsInLog = 0;
		};
		9E7E0BC6EDC84BDDAA2BB79A /* [CP] Embed Pods Frameworks */ = {
			isa = PBXShellScriptBuildPhase;
			buildActionMask = 2147483647;
			files = (
			);
			inputFileListPaths = (
				"${PODS_ROOT}/Target Support Files/Pods-Instagram-InstagramUITests/Pods-Instagram-InstagramUITests-frameworks-${CONFIGURATION}-input-files.xcfilelist",
			);
			name = "[CP] Embed Pods Frameworks";
			outputFileListPaths = (
				"${PODS_ROOT}/Target Support Files/Pods-Instagram-InstagramUITests/Pods-Instagram-InstagramUITests-frameworks-${CONFIGURATION}-output-files.xcfilelist",
			);
			runOnlyForDeploymentPostprocessing = 0;
			shellPath = /bin/sh;
			shellScript = "\"${PODS_ROOT}/Target Support Files/Pods-Instagram-InstagramUITests/Pods-Instagram-InstagramUITests-frameworks.sh\"\n";
			showEnvVarsInLog = 0;
		};
		B2222B2FB89FAE1B89727463 /* [CP] Check Pods Manifest.lock */ = {
			isa = PBXShellScriptBuildPhase;
			buildActionMask = 2147483647;
			files = (
			);
			inputFileListPaths = (
			);
			inputPaths = (
				"${PODS_PODFILE_DIR_PATH}/Podfile.lock",
				"${PODS_ROOT}/Manifest.lock",
			);
			name = "[CP] Check Pods Manifest.lock";
			outputFileListPaths = (
			);
			outputPaths = (
				"$(DERIVED_FILE_DIR)/Pods-InstagramTests-checkManifestLockResult.txt",
			);
			runOnlyForDeploymentPostprocessing = 0;
			shellPath = /bin/sh;
			shellScript = "diff \"${PODS_PODFILE_DIR_PATH}/Podfile.lock\" \"${PODS_ROOT}/Manifest.lock\" > /dev/null\nif [ $? != 0 ] ; then\n    # print error to STDERR\n    echo \"error: The sandbox is not in sync with the Podfile.lock. Run 'pod install' or update your CocoaPods installation.\" >&2\n    exit 1\nfi\n# This output is used by Xcode 'outputs' to avoid re-running this script phase.\necho \"SUCCESS\" > \"${SCRIPT_OUTPUT_FILE_0}\"\n";
			showEnvVarsInLog = 0;
		};
/* End PBXShellScriptBuildPhase section */

/* Begin PBXSourcesBuildPhase section */
		482FD3572787C16200E98497 /* Sources */ = {
			isa = PBXSourcesBuildPhase;
			buildActionMask = 2147483647;
			files = (
				48B5B15B2787DBC2009A71D5 /* LoginViewController.swift in Sources */,
				48B5B15F2787FB18009A71D5 /* CameraViewController.swift in Sources */,
				482FD35F2787C16200E98497 /* AppDelegate.swift in Sources */,
				48B5B15D2787DBCE009A71D5 /* FeedViewController.swift in Sources */,
				482FD3612787C16200E98497 /* SceneDelegate.swift in Sources */,
				48B5B1612788FBCC009A71D5 /* PostCell.swift in Sources */,
				48A534A82792480F008A12AF /* CommentCell.swift in Sources */,
				48F20CCA285849AA0099C7B2 /* APICaller.swift in Sources */,
			);
			runOnlyForDeploymentPostprocessing = 0;
		};
		482FD36D2787C16300E98497 /* Sources */ = {
			isa = PBXSourcesBuildPhase;
			buildActionMask = 2147483647;
			files = (
				482FD3762787C16300E98497 /* InstagramTests.swift in Sources */,
			);
			runOnlyForDeploymentPostprocessing = 0;
		};
		482FD3772787C16300E98497 /* Sources */ = {
			isa = PBXSourcesBuildPhase;
			buildActionMask = 2147483647;
			files = (
				482FD3802787C16300E98497 /* InstagramUITests.swift in Sources */,
				482FD3822787C16300E98497 /* InstagramUITestsLaunchTests.swift in Sources */,
			);
			runOnlyForDeploymentPostprocessing = 0;
		};
/* End PBXSourcesBuildPhase section */

/* Begin PBXTargetDependency section */
		482FD3732787C16300E98497 /* PBXTargetDependency */ = {
			isa = PBXTargetDependency;
			target = 482FD35A2787C16200E98497 /* Instagram */;
			targetProxy = 482FD3722787C16300E98497 /* PBXContainerItemProxy */;
		};
		482FD37D2787C16300E98497 /* PBXTargetDependency */ = {
			isa = PBXTargetDependency;
			target = 482FD35A2787C16200E98497 /* Instagram */;
			targetProxy = 482FD37C2787C16300E98497 /* PBXContainerItemProxy */;
		};
/* End PBXTargetDependency section */

/* Begin PBXVariantGroup section */
		482FD3642787C16200E98497 /* Main.storyboard */ = {
			isa = PBXVariantGroup;
			children = (
				482FD3652787C16200E98497 /* Base */,
			);
			name = Main.storyboard;
			sourceTree = "<group>";
		};
		482FD3692787C16300E98497 /* LaunchScreen.storyboard */ = {
			isa = PBXVariantGroup;
			children = (
				482FD36A2787C16300E98497 /* Base */,
			);
			name = LaunchScreen.storyboard;
			sourceTree = "<group>";
		};
/* End PBXVariantGroup section */

/* Begin XCBuildConfiguration section */
		482FD3832787C16300E98497 /* Debug */ = {
			isa = XCBuildConfiguration;
			buildSettings = {
				ALWAYS_SEARCH_USER_PATHS = NO;
				CLANG_ANALYZER_NONNULL = YES;
				CLANG_ANALYZER_NUMBER_OBJECT_CONVERSION = YES_AGGRESSIVE;
				CLANG_CXX_LANGUAGE_STANDARD = "gnu++17";
				CLANG_CXX_LIBRARY = "libc++";
				CLANG_ENABLE_MODULES = YES;
				CLANG_ENABLE_OBJC_ARC = YES;
				CLANG_ENABLE_OBJC_WEAK = YES;
				CLANG_WARN_BLOCK_CAPTURE_AUTORELEASING = YES;
				CLANG_WARN_BOOL_CONVERSION = YES;
				CLANG_WARN_COMMA = YES;
				CLANG_WARN_CONSTANT_CONVERSION = YES;
				CLANG_WARN_DEPRECATED_OBJC_IMPLEMENTATIONS = YES;
				CLANG_WARN_DIRECT_OBJC_ISA_USAGE = YES_ERROR;
				CLANG_WARN_DOCUMENTATION_COMMENTS = YES;
				CLANG_WARN_EMPTY_BODY = YES;
				CLANG_WARN_ENUM_CONVERSION = YES;
				CLANG_WARN_INFINITE_RECURSION = YES;
				CLANG_WARN_INT_CONVERSION = YES;
				CLANG_WARN_NON_LITERAL_NULL_CONVERSION = YES;
				CLANG_WARN_OBJC_IMPLICIT_RETAIN_SELF = YES;
				CLANG_WARN_OBJC_LITERAL_CONVERSION = YES;
				CLANG_WARN_OBJC_ROOT_CLASS = YES_ERROR;
				CLANG_WARN_QUOTED_INCLUDE_IN_FRAMEWORK_HEADER = YES;
				CLANG_WARN_RANGE_LOOP_ANALYSIS = YES;
				CLANG_WARN_STRICT_PROTOTYPES = YES;
				CLANG_WARN_SUSPICIOUS_MOVE = YES;
				CLANG_WARN_UNGUARDED_AVAILABILITY = YES_AGGRESSIVE;
				CLANG_WARN_UNREACHABLE_CODE = YES;
				CLANG_WARN__DUPLICATE_METHOD_MATCH = YES;
				COPY_PHASE_STRIP = NO;
				DEBUG_INFORMATION_FORMAT = dwarf;
				ENABLE_STRICT_OBJC_MSGSEND = YES;
				ENABLE_TESTABILITY = YES;
				GCC_C_LANGUAGE_STANDARD = gnu11;
				GCC_DYNAMIC_NO_PIC = NO;
				GCC_NO_COMMON_BLOCKS = YES;
				GCC_OPTIMIZATION_LEVEL = 0;
				GCC_PREPROCESSOR_DEFINITIONS = (
					"DEBUG=1",
					"$(inherited)",
				);
				GCC_WARN_64_TO_32_BIT_CONVERSION = YES;
				GCC_WARN_ABOUT_RETURN_TYPE = YES_ERROR;
				GCC_WARN_UNDECLARED_SELECTOR = YES;
				GCC_WARN_UNINITIALIZED_AUTOS = YES_AGGRESSIVE;
				GCC_WARN_UNUSED_FUNCTION = YES;
				GCC_WARN_UNUSED_VARIABLE = YES;
				IPHONEOS_DEPLOYMENT_TARGET = 15.2;
				MTL_ENABLE_DEBUG_INFO = INCLUDE_SOURCE;
				MTL_FAST_MATH = YES;
				ONLY_ACTIVE_ARCH = YES;
				SDKROOT = iphoneos;
				SWIFT_ACTIVE_COMPILATION_CONDITIONS = DEBUG;
				SWIFT_OPTIMIZATION_LEVEL = "-Onone";
			};
			name = Debug;
		};
		482FD3842787C16300E98497 /* Release */ = {
			isa = XCBuildConfiguration;
			buildSettings = {
				ALWAYS_SEARCH_USER_PATHS = NO;
				CLANG_ANALYZER_NONNULL = YES;
				CLANG_ANALYZER_NUMBER_OBJECT_CONVERSION = YES_AGGRESSIVE;
				CLANG_CXX_LANGUAGE_STANDARD = "gnu++17";
				CLANG_CXX_LIBRARY = "libc++";
				CLANG_ENABLE_MODULES = YES;
				CLANG_ENABLE_OBJC_ARC = YES;
				CLANG_ENABLE_OBJC_WEAK = YES;
				CLANG_WARN_BLOCK_CAPTURE_AUTORELEASING = YES;
				CLANG_WARN_BOOL_CONVERSION = YES;
				CLANG_WARN_COMMA = YES;
				CLANG_WARN_CONSTANT_CONVERSION = YES;
				CLANG_WARN_DEPRECATED_OBJC_IMPLEMENTATIONS = YES;
				CLANG_WARN_DIRECT_OBJC_ISA_USAGE = YES_ERROR;
				CLANG_WARN_DOCUMENTATION_COMMENTS = YES;
				CLANG_WARN_EMPTY_BODY = YES;
				CLANG_WARN_ENUM_CONVERSION = YES;
				CLANG_WARN_INFINITE_RECURSION = YES;
				CLANG_WARN_INT_CONVERSION = YES;
				CLANG_WARN_NON_LITERAL_NULL_CONVERSION = YES;
				CLANG_WARN_OBJC_IMPLICIT_RETAIN_SELF = YES;
				CLANG_WARN_OBJC_LITERAL_CONVERSION = YES;
				CLANG_WARN_OBJC_ROOT_CLASS = YES_ERROR;
				CLANG_WARN_QUOTED_INCLUDE_IN_FRAMEWORK_HEADER = YES;
				CLANG_WARN_RANGE_LOOP_ANALYSIS = YES;
				CLANG_WARN_STRICT_PROTOTYPES = YES;
				CLANG_WARN_SUSPICIOUS_MOVE = YES;
				CLANG_WARN_UNGUARDED_AVAILABILITY = YES_AGGRESSIVE;
				CLANG_WARN_UNREACHABLE_CODE = YES;
				CLANG_WARN__DUPLICATE_METHOD_MATCH = YES;
				COPY_PHASE_STRIP = NO;
				DEBUG_INFORMATION_FORMAT = "dwarf-with-dsym";
				ENABLE_NS_ASSERTIONS = NO;
				ENABLE_STRICT_OBJC_MSGSEND = YES;
				GCC_C_LANGUAGE_STANDARD = gnu11;
				GCC_NO_COMMON_BLOCKS = YES;
				GCC_WARN_64_TO_32_BIT_CONVERSION = YES;
				GCC_WARN_ABOUT_RETURN_TYPE = YES_ERROR;
				GCC_WARN_UNDECLARED_SELECTOR = YES;
				GCC_WARN_UNINITIALIZED_AUTOS = YES_AGGRESSIVE;
				GCC_WARN_UNUSED_FUNCTION = YES;
				GCC_WARN_UNUSED_VARIABLE = YES;
				IPHONEOS_DEPLOYMENT_TARGET = 15.2;
				MTL_ENABLE_DEBUG_INFO = NO;
				MTL_FAST_MATH = YES;
				SDKROOT = iphoneos;
				SWIFT_COMPILATION_MODE = wholemodule;
				SWIFT_OPTIMIZATION_LEVEL = "-O";
				VALIDATE_PRODUCT = YES;
			};
			name = Release;
		};
		482FD3862787C16300E98497 /* Debug */ = {
			isa = XCBuildConfiguration;
			baseConfigurationReference = 9C23F2999BAE8C98C391CC64 /* Pods-Instagram.debug.xcconfig */;
			buildSettings = {
				ASSETCATALOG_COMPILER_APPICON_NAME = AppIcon;
				ASSETCATALOG_COMPILER_GLOBAL_ACCENT_COLOR_NAME = AccentColor;
				CODE_SIGN_STYLE = Automatic;
				CURRENT_PROJECT_VERSION = 1;
				DEVELOPMENT_TEAM = SBCRL8SBBK;
				GENERATE_INFOPLIST_FILE = YES;
				INFOPLIST_FILE = Instagram/Info.plist;
				INFOPLIST_KEY_UIApplicationSupportsIndirectInputEvents = YES;
				INFOPLIST_KEY_UILaunchStoryboardName = LaunchScreen;
				INFOPLIST_KEY_UIMainStoryboardFile = Main;
				INFOPLIST_KEY_UISupportedInterfaceOrientations_iPad = "UIInterfaceOrientationPortrait UIInterfaceOrientationPortraitUpsideDown UIInterfaceOrientationLandscapeLeft UIInterfaceOrientationLandscapeRight";
				INFOPLIST_KEY_UISupportedInterfaceOrientations_iPhone = "UIInterfaceOrientationPortrait UIInterfaceOrientationLandscapeLeft UIInterfaceOrientationLandscapeRight";
				LD_RUNPATH_SEARCH_PATHS = (
					"$(inherited)",
					"@executable_path/Frameworks",
				);
				MARKETING_VERSION = 1.0;
				PRODUCT_BUNDLE_IDENTIFIER = kabir.Instagram;
				PRODUCT_NAME = "$(TARGET_NAME)";
				SWIFT_EMIT_LOC_STRINGS = YES;
				SWIFT_VERSION = 5.0;
				TARGETED_DEVICE_FAMILY = "1,2";
			};
			name = Debug;
		};
		482FD3872787C16300E98497 /* Release */ = {
			isa = XCBuildConfiguration;
			baseConfigurationReference = 7B955D0B5728BBB06F4154E2 /* Pods-Instagram.release.xcconfig */;
			buildSettings = {
				ASSETCATALOG_COMPILER_APPICON_NAME = AppIcon;
				ASSETCATALOG_COMPILER_GLOBAL_ACCENT_COLOR_NAME = AccentColor;
				CODE_SIGN_STYLE = Automatic;
				CURRENT_PROJECT_VERSION = 1;
				DEVELOPMENT_TEAM = SBCRL8SBBK;
				GENERATE_INFOPLIST_FILE = YES;
				INFOPLIST_FILE = Instagram/Info.plist;
				INFOPLIST_KEY_UIApplicationSupportsIndirectInputEvents = YES;
				INFOPLIST_KEY_UILaunchStoryboardName = LaunchScreen;
				INFOPLIST_KEY_UIMainStoryboardFile = Main;
				INFOPLIST_KEY_UISupportedInterfaceOrientations_iPad = "UIInterfaceOrientationPortrait UIInterfaceOrientationPortraitUpsideDown UIInterfaceOrientationLandscapeLeft UIInterfaceOrientationLandscapeRight";
				INFOPLIST_KEY_UISupportedInterfaceOrientations_iPhone = "UIInterfaceOrientationPortrait UIInterfaceOrientationLandscapeLeft UIInterfaceOrientationLandscapeRight";
				LD_RUNPATH_SEARCH_PATHS = (
					"$(inherited)",
					"@executable_path/Frameworks",
				);
				MARKETING_VERSION = 1.0;
				PRODUCT_BUNDLE_IDENTIFIER = kabir.Instagram;
				PRODUCT_NAME = "$(TARGET_NAME)";
				SWIFT_EMIT_LOC_STRINGS = YES;
				SWIFT_VERSION = 5.0;
				TARGETED_DEVICE_FAMILY = "1,2";
			};
			name = Release;
		};
		482FD3892787C16300E98497 /* Debug */ = {
			isa = XCBuildConfiguration;
			baseConfigurationReference = 342CE5E17EA0779864AE730D /* Pods-InstagramTests.debug.xcconfig */;
			buildSettings = {
				ALWAYS_EMBED_SWIFT_STANDARD_LIBRARIES = YES;
				BUNDLE_LOADER = "$(TEST_HOST)";
				CODE_SIGN_STYLE = Automatic;
				CURRENT_PROJECT_VERSION = 1;
				DEVELOPMENT_TEAM = SBCRL8SBBK;
				GENERATE_INFOPLIST_FILE = YES;
				IPHONEOS_DEPLOYMENT_TARGET = 15.2;
				MARKETING_VERSION = 1.0;
				PRODUCT_BUNDLE_IDENTIFIER = kabir.InstagramTests;
				PRODUCT_NAME = "$(TARGET_NAME)";
				SWIFT_EMIT_LOC_STRINGS = NO;
				SWIFT_VERSION = 5.0;
				TARGETED_DEVICE_FAMILY = "1,2";
				TEST_HOST = "$(BUILT_PRODUCTS_DIR)/Instagram.app/Instagram";
			};
			name = Debug;
		};
		482FD38A2787C16300E98497 /* Release */ = {
			isa = XCBuildConfiguration;
			baseConfigurationReference = B1BADB71195C8610B9FAC951 /* Pods-InstagramTests.release.xcconfig */;
			buildSettings = {
				ALWAYS_EMBED_SWIFT_STANDARD_LIBRARIES = YES;
				BUNDLE_LOADER = "$(TEST_HOST)";
				CODE_SIGN_STYLE = Automatic;
				CURRENT_PROJECT_VERSION = 1;
				DEVELOPMENT_TEAM = SBCRL8SBBK;
				GENERATE_INFOPLIST_FILE = YES;
				IPHONEOS_DEPLOYMENT_TARGET = 15.2;
				MARKETING_VERSION = 1.0;
				PRODUCT_BUNDLE_IDENTIFIER = kabir.InstagramTests;
				PRODUCT_NAME = "$(TARGET_NAME)";
				SWIFT_EMIT_LOC_STRINGS = NO;
				SWIFT_VERSION = 5.0;
				TARGETED_DEVICE_FAMILY = "1,2";
				TEST_HOST = "$(BUILT_PRODUCTS_DIR)/Instagram.app/Instagram";
			};
			name = Release;
		};
		482FD38C2787C16300E98497 /* Debug */ = {
			isa = XCBuildConfiguration;
			baseConfigurationReference = F279C69BFCF1142A4B6BF0E7 /* Pods-Instagram-InstagramUITests.debug.xcconfig */;
			buildSettings = {
				ALWAYS_EMBED_SWIFT_STANDARD_LIBRARIES = YES;
				CODE_SIGN_STYLE = Automatic;
				CURRENT_PROJECT_VERSION = 1;
				DEVELOPMENT_TEAM = SBCRL8SBBK;
				GENERATE_INFOPLIST_FILE = YES;
				MARKETING_VERSION = 1.0;
				PRODUCT_BUNDLE_IDENTIFIER = kabir.InstagramUITests;
				PRODUCT_NAME = "$(TARGET_NAME)";
				SWIFT_EMIT_LOC_STRINGS = NO;
				SWIFT_VERSION = 5.0;
				TARGETED_DEVICE_FAMILY = "1,2";
				TEST_TARGET_NAME = Instagram;
			};
			name = Debug;
		};
		482FD38D2787C16300E98497 /* Release */ = {
			isa = XCBuildConfiguration;
			baseConfigurationReference = 97893B274845820A9EA98365 /* Pods-Instagram-InstagramUITests.release.xcconfig */;
			buildSettings = {
				ALWAYS_EMBED_SWIFT_STANDARD_LIBRARIES = YES;
				CODE_SIGN_STYLE = Automatic;
				CURRENT_PROJECT_VERSION = 1;
				DEVELOPMENT_TEAM = SBCRL8SBBK;
				GENERATE_INFOPLIST_FILE = YES;
				MARKETING_VERSION = 1.0;
				PRODUCT_BUNDLE_IDENTIFIER = kabir.InstagramUITests;
				PRODUCT_NAME = "$(TARGET_NAME)";
				SWIFT_EMIT_LOC_STRINGS = NO;
				SWIFT_VERSION = 5.0;
				TARGETED_DEVICE_FAMILY = "1,2";
				TEST_TARGET_NAME = Instagram;
			};
			name = Release;
		};
/* End XCBuildConfiguration section */

/* Begin XCConfigurationList section */
		482FD3562787C16200E98497 /* Build configuration list for PBXProject "Instagram" */ = {
			isa = XCConfigurationList;
			buildConfigurations = (
				482FD3832787C16300E98497 /* Debug */,
				482FD3842787C16300E98497 /* Release */,
			);
			defaultConfigurationIsVisible = 0;
			defaultConfigurationName = Release;
		};
		482FD3852787C16300E98497 /* Build configuration list for PBXNativeTarget "Instagram" */ = {
			isa = XCConfigurationList;
			buildConfigurations = (
				482FD3862787C16300E98497 /* Debug */,
				482FD3872787C16300E98497 /* Release */,
			);
			defaultConfigurationIsVisible = 0;
			defaultConfigurationName = Release;
		};
		482FD3882787C16300E98497 /* Build configuration list for PBXNativeTarget "InstagramTests" */ = {
			isa = XCConfigurationList;
			buildConfigurations = (
				482FD3892787C16300E98497 /* Debug */,
				482FD38A2787C16300E98497 /* Release */,
			);
			defaultConfigurationIsVisible = 0;
			defaultConfigurationName = Release;
		};
		482FD38B2787C16300E98497 /* Build configuration list for PBXNativeTarget "InstagramUITests" */ = {
			isa = XCConfigurationList;
			buildConfigurations = (
				482FD38C2787C16300E98497 /* Debug */,
				482FD38D2787C16300E98497 /* Release */,
			);
			defaultConfigurationIsVisible = 0;
			defaultConfigurationName = Release;
		};
/* End XCConfigurationList section */
	};
	rootObject = 482FD3532787C16200E98497 /* Project object */;
}
